
Microsoft Visual Studio Solution File, Format Version 12.00
# Visual Studio Version 16
VisualStudioVersion = 16.0.31313.79
MinimumVisualStudioVersion = 10.0.40219.1
Project("{FAE04EC0-301F-11D3-BF4B-00C04F79EFBC}") = "MinMaNet.API", "MinMaNet.API\MinMaNet.API.csproj", "{0D0470C5-7F69-47D4-885D-EC3284EB8795}"
EndProject
Project("{FAE04EC0-301F-11D3-BF4B-00C04F79EFBC}") = "MinMaNet.Domain", "MinMaNet.Domain\MinMaNet.Domain.csproj", "{448B5CE1-1FCA-4A21-BAB2-E81CF77F5CD3}"
EndProject
Project("{FAE04EC0-301F-11D3-BF4B-00C04F79EFBC}") = "MinMaNet.Reader", "MinMaNet.Reader\MinMaNet.Reader.csproj", "{18DC682A-B60D-4C8F-98E4-77AD80E22F54}"
EndProject
Project("{FAE04EC0-301F-11D3-BF4B-00C04F79EFBC}") = "MinMaNet.Generator", "MinMaNet.Generator\MinMaNet.Generator.csproj", "{AE244049-F4BF-4F8A-8FED-D2753FA33EB6}"
EndProject
Project("{FAE04EC0-301F-11D3-BF4B-00C04F79EFBC}") = "MinMaNet.Tests", "MinMaNet.Tests\MinMaNet.Tests.csproj", "{DCDEE465-C654-472A-AAC4-5842DB9F1DDC}"
EndProject
Global
	GlobalSection(SolutionConfigurationPlatforms) = preSolution
		Debug|Any CPU = Debug|Any CPU
		Release|Any CPU = Release|Any CPU
	EndGlobalSection
	GlobalSection(ProjectConfigurationPlatforms) = postSolution
		{0D0470C5-7F69-47D4-885D-EC3284EB8795}.Debug|Any CPU.ActiveCfg = Debug|Any CPU
		{0D0470C5-7F69-47D4-885D-EC3284EB8795}.Debug|Any CPU.Build.0 = Debug|Any CPU
		{0D0470C5-7F69-47D4-885D-EC3284EB8795}.Release|Any CPU.ActiveCfg = Release|Any CPU
		{0D0470C5-7F69-47D4-885D-EC3284EB8795}.Release|Any CPU.Build.0 = Release|Any CPU
		{448B5CE1-1FCA-4A21-BAB2-E81CF77F5CD3}.Debug|Any CPU.ActiveCfg = Debug|Any CPU
		{448B5CE1-1FCA-4A21-BAB2-E81CF77F5CD3}.Debug|Any CPU.Build.0 = Debug|Any CPU
		{448B5CE1-1FCA-4A21-BAB2-E81CF77F5CD3}.Release|Any CPU.ActiveCfg = Release|Any CPU
		{448B5CE1-1FCA-4A21-BAB2-E81CF77F5CD3}.Release|Any CPU.Build.0 = Release|Any CPU
		{18DC682A-B60D-4C8F-98E4-77AD80E22F54}.Debug|Any CPU.ActiveCfg = Debug|Any CPU
		{18DC682A-B60D-4C8F-98E4-77AD80E22F54}.Debug|Any CPU.Build.0 = Debug|Any CPU
		{18DC682A-B60D-4C8F-98E4-77AD80E22F54}.Release|Any CPU.ActiveCfg = Release|Any CPU
		{18DC682A-B60D-4C8F-98E4-77AD80E22F54}.Release|Any CPU.Build.0 = Release|Any CPU
		{AE244049-F4BF-4F8A-8FED-D2753FA33EB6}.Debug|Any CPU.ActiveCfg = Debug|Any CPU
		{AE244049-F4BF-4F8A-8FED-D2753FA33EB6}.Debug|Any CPU.Build.0 = Debug|Any CPU
		{AE244049-F4BF-4F8A-8FED-D2753FA33EB6}.Release|Any CPU.ActiveCfg = Release|Any CPU
		{AE244049-F4BF-4F8A-8FED-D2753FA33EB6}.Release|Any CPU.Build.0 = Release|Any CPU
		{DCDEE465-C654-472A-AAC4-5842DB9F1DDC}.Debug|Any CPU.ActiveCfg = Debug|Any CPU
		{DCDEE465-C654-472A-AAC4-5842DB9F1DDC}.Debug|Any CPU.Build.0 = Debug|Any CPU
		{DCDEE465-C654-472A-AAC4-5842DB9F1DDC}.Release|Any CPU.ActiveCfg = Release|Any CPU
		{DCDEE465-C654-472A-AAC4-5842DB9F1DDC}.Release|Any CPU.Build.0 = Release|Any CPU
	EndGlobalSection
	GlobalSection(SolutionProperties) = preSolution
		HideSolutionNode = FALSE
	EndGlobalSection
	GlobalSection(ExtensibilityGlobals) = postSolution
		SolutionGuid = {717CC5A0-CAC0-4E35-B81E-B7715E6E26DF}
	EndGlobalSection
EndGlobal
